
Microsoft Visual Studio Solution File, Format Version 12.00
# Visual Studio Version 16
VisualStudioVersion = 16.0.30104.148
MinimumVisualStudioVersion = 10.0.40219.1
Project("{FAE04EC0-301F-11D3-BF4B-00C04F79EFBC}") = "DomainLibrary", "DomainLayer\DomainLibrary.csproj", "{CE36D299-0719-4653-A337-B849008E1BE1}"
EndProject
Project("{FAE04EC0-301F-11D3-BF4B-00C04F79EFBC}") = "DataLibrary", "DataLayer\DataLibrary.csproj", "{CDA38241-0923-4D14-8AB3-3A31C3F25036}"
	ProjectSection(ProjectDependencies) = postProject
		{CE36D299-0719-4653-A337-B849008E1BE1} = {CE36D299-0719-4653-A337-B849008E1BE1}
	EndProjectSection
EndProject
Project("{FAE04EC0-301F-11D3-BF4B-00C04F79EFBC}") = "WpfAppUI", "WPFUILayer\WpfAppUI.csproj", "{67C322DF-98CE-46A9-BCFB-B6188C2CEA5D}"
	ProjectSection(ProjectDependencies) = postProject
		{CDA38241-0923-4D14-8AB3-3A31C3F25036} = {CDA38241-0923-4D14-8AB3-3A31C3F25036}
		{CE36D299-0719-4653-A337-B849008E1BE1} = {CE36D299-0719-4653-A337-B849008E1BE1}
	EndProjectSection
EndProject
Project("{FAE04EC0-301F-11D3-BF4B-00C04F79EFBC}") = "VipServices2020.Tests", "VipServices2020.Tests\VipServices2020.Tests.csproj", "{C86E413E-B9FC-4071-9289-1946C9F32665}"
	ProjectSection(ProjectDependencies) = postProject
		{CDA38241-0923-4D14-8AB3-3A31C3F25036} = {CDA38241-0923-4D14-8AB3-3A31C3F25036}
		{CE36D299-0719-4653-A337-B849008E1BE1} = {CE36D299-0719-4653-A337-B849008E1BE1}
		{67C322DF-98CE-46A9-BCFB-B6188C2CEA5D} = {67C322DF-98CE-46A9-BCFB-B6188C2CEA5D}
	EndProjectSection
EndProject
Global
	GlobalSection(SolutionConfigurationPlatforms) = preSolution
		Debug|Any CPU = Debug|Any CPU
		Release|Any CPU = Release|Any CPU
	EndGlobalSection
	GlobalSection(ProjectConfigurationPlatforms) = postSolution
		{CE36D299-0719-4653-A337-B849008E1BE1}.Debug|Any CPU.ActiveCfg = Debug|Any CPU
		{CE36D299-0719-4653-A337-B849008E1BE1}.Debug|Any CPU.Build.0 = Debug|Any CPU
		{CE36D299-0719-4653-A337-B849008E1BE1}.Release|Any CPU.ActiveCfg = Release|Any CPU
		{CE36D299-0719-4653-A337-B849008E1BE1}.Release|Any CPU.Build.0 = Release|Any CPU
		{CDA38241-0923-4D14-8AB3-3A31C3F25036}.Debug|Any CPU.ActiveCfg = Debug|Any CPU
		{CDA38241-0923-4D14-8AB3-3A31C3F25036}.Debug|Any CPU.Build.0 = Debug|Any CPU
		{CDA38241-0923-4D14-8AB3-3A31C3F25036}.Release|Any CPU.ActiveCfg = Release|Any CPU
		{CDA38241-0923-4D14-8AB3-3A31C3F25036}.Release|Any CPU.Build.0 = Release|Any CPU
		{67C322DF-98CE-46A9-BCFB-B6188C2CEA5D}.Debug|Any CPU.ActiveCfg = Debug|Any CPU
		{67C322DF-98CE-46A9-BCFB-B6188C2CEA5D}.Debug|Any CPU.Build.0 = Debug|Any CPU
		{67C322DF-98CE-46A9-BCFB-B6188C2CEA5D}.Release|Any CPU.ActiveCfg = Release|Any CPU
		{67C322DF-98CE-46A9-BCFB-B6188C2CEA5D}.Release|Any CPU.Build.0 = Release|Any CPU
		{C86E413E-B9FC-4071-9289-1946C9F32665}.Debug|Any CPU.ActiveCfg = Debug|Any CPU
		{C86E413E-B9FC-4071-9289-1946C9F32665}.Debug|Any CPU.Build.0 = Debug|Any CPU
		{C86E413E-B9FC-4071-9289-1946C9F32665}.Release|Any CPU.ActiveCfg = Release|Any CPU
		{C86E413E-B9FC-4071-9289-1946C9F32665}.Release|Any CPU.Build.0 = Release|Any CPU
	EndGlobalSection
	GlobalSection(SolutionProperties) = preSolution
		HideSolutionNode = FALSE
	EndGlobalSection
	GlobalSection(ExtensibilityGlobals) = postSolution
		SolutionGuid = {90CD4DF5-202B-4B66-B866-43D670E7BA91}
	EndGlobalSection
EndGlobal
