
Microsoft Visual Studio Solution File, Format Version 12.00
# Visual Studio Version 16
VisualStudioVersion = 16.0.30104.148
MinimumVisualStudioVersion = 10.0.40219.1
Project("{9A19103F-16F7-4668-BE54-9A1E7A4F7556}") = "VipServices2020.Domain", "VipServices2020.Domain\VipServices2020.Domain.csproj", "{9F61CA73-AD40-4045-8A93-57AF40E8DE63}"
EndProject
Project("{9A19103F-16F7-4668-BE54-9A1E7A4F7556}") = "VipServices2020.EF", "VipServices2020.EF\VipServices2020.EF.csproj", "{FFBD62F1-6FAD-4836-B1DA-88D5EE988378}"
EndProject
Project("{9A19103F-16F7-4668-BE54-9A1E7A4F7556}") = "VipServices2020.Tests", "VipServices2020.Tests\VipServices2020.Tests.csproj", "{AB592F6A-EAA7-4A1A-82D1-424E97DB006E}"
EndProject
Project("{9A19103F-16F7-4668-BE54-9A1E7A4F7556}") = "VipServices2020.ConsoleUI", "VipServices2020.ConsoleUI\VipServices2020.ConsoleUI.csproj", "{C34FEE5B-AC7D-4C8F-8EE4-FB46BB20A545}"
EndProject
Project("{FAE04EC0-301F-11D3-BF4B-00C04F79EFBC}") = "VipServices2020.WPF", "VipServices2020.WPF\VipServices2020.WPF.csproj", "{BEE7C650-C891-4ED8-BC88-B14E39B3014F}"
EndProject
Global
	GlobalSection(SolutionConfigurationPlatforms) = preSolution
		Debug|Any CPU = Debug|Any CPU
		Release|Any CPU = Release|Any CPU
	EndGlobalSection
	GlobalSection(ProjectConfigurationPlatforms) = postSolution
		{9F61CA73-AD40-4045-8A93-57AF40E8DE63}.Debug|Any CPU.ActiveCfg = Debug|Any CPU
		{9F61CA73-AD40-4045-8A93-57AF40E8DE63}.Debug|Any CPU.Build.0 = Debug|Any CPU
		{9F61CA73-AD40-4045-8A93-57AF40E8DE63}.Release|Any CPU.ActiveCfg = Release|Any CPU
		{9F61CA73-AD40-4045-8A93-57AF40E8DE63}.Release|Any CPU.Build.0 = Release|Any CPU
		{FFBD62F1-6FAD-4836-B1DA-88D5EE988378}.Debug|Any CPU.ActiveCfg = Debug|Any CPU
		{FFBD62F1-6FAD-4836-B1DA-88D5EE988378}.Debug|Any CPU.Build.0 = Debug|Any CPU
		{FFBD62F1-6FAD-4836-B1DA-88D5EE988378}.Release|Any CPU.ActiveCfg = Release|Any CPU
		{FFBD62F1-6FAD-4836-B1DA-88D5EE988378}.Release|Any CPU.Build.0 = Release|Any CPU
		{AB592F6A-EAA7-4A1A-82D1-424E97DB006E}.Debug|Any CPU.ActiveCfg = Debug|Any CPU
		{AB592F6A-EAA7-4A1A-82D1-424E97DB006E}.Debug|Any CPU.Build.0 = Debug|Any CPU
		{AB592F6A-EAA7-4A1A-82D1-424E97DB006E}.Release|Any CPU.ActiveCfg = Release|Any CPU
		{AB592F6A-EAA7-4A1A-82D1-424E97DB006E}.Release|Any CPU.Build.0 = Release|Any CPU
		{C34FEE5B-AC7D-4C8F-8EE4-FB46BB20A545}.Debug|Any CPU.ActiveCfg = Debug|Any CPU
		{C34FEE5B-AC7D-4C8F-8EE4-FB46BB20A545}.Debug|Any CPU.Build.0 = Debug|Any CPU
		{C34FEE5B-AC7D-4C8F-8EE4-FB46BB20A545}.Release|Any CPU.ActiveCfg = Release|Any CPU
		{C34FEE5B-AC7D-4C8F-8EE4-FB46BB20A545}.Release|Any CPU.Build.0 = Release|Any CPU
		{BEE7C650-C891-4ED8-BC88-B14E39B3014F}.Debug|Any CPU.ActiveCfg = Debug|Any CPU
		{BEE7C650-C891-4ED8-BC88-B14E39B3014F}.Debug|Any CPU.Build.0 = Debug|Any CPU
		{BEE7C650-C891-4ED8-BC88-B14E39B3014F}.Release|Any CPU.ActiveCfg = Release|Any CPU
		{BEE7C650-C891-4ED8-BC88-B14E39B3014F}.Release|Any CPU.Build.0 = Release|Any CPU
	EndGlobalSection
	GlobalSection(SolutionProperties) = preSolution
		HideSolutionNode = FALSE
	EndGlobalSection
	GlobalSection(ExtensibilityGlobals) = postSolution
		SolutionGuid = {90CD4DF5-202B-4B66-B866-43D670E7BA91}
	EndGlobalSection
EndGlobal
